
Microsoft Visual Studio Solution File, Format Version 12.00
# Visual Studio Version 16
VisualStudioVersion = 16.0.30517.126
MinimumVisualStudioVersion = 10.0.40219.1
Project("{FAE04EC0-301F-11D3-BF4B-00C04F79EFBC}") = "WpfAppSHOPkop", "WpfAppSHOPkop\WpfAppSHOPkop.csproj", "{0457B3E0-5468-4B2D-91E6-24ADDEB2DAD8}"
EndProject
Global
	GlobalSection(SolutionConfigurationPlatforms) = preSolution
		Debug|Any CPU = Debug|Any CPU
		Release|Any CPU = Release|Any CPU
	EndGlobalSection
	GlobalSection(ProjectConfigurationPlatforms) = postSolution
		{0457B3E0-5468-4B2D-91E6-24ADDEB2DAD8}.Debug|Any CPU.ActiveCfg = Debug|Any CPU
		{0457B3E0-5468-4B2D-91E6-24ADDEB2DAD8}.Debug|Any CPU.Build.0 = Debug|Any CPU
		{0457B3E0-5468-4B2D-91E6-24ADDEB2DAD8}.Release|Any CPU.ActiveCfg = Release|Any CPU
		{0457B3E0-5468-4B2D-91E6-24ADDEB2DAD8}.Release|Any CPU.Build.0 = Release|Any CPU
	EndGlobalSection
	GlobalSection(SolutionProperties) = preSolution
		HideSolutionNode = FALSE
	EndGlobalSection
	GlobalSection(ExtensibilityGlobals) = postSolution
		SolutionGuid = {4C296BDA-2681-4494-BC7D-9B0B1C811D12}
	EndGlobalSection
EndGlobal
